// !$*UTF8*$!
{
	archiveVersion = 1;
	classes = {
	};
	objectVersion = 48;
	objects = {

/* Begin PBXBuildFile section */
		5BF086571F7ACC2D0026444B /* AppDelegate.swift in Sources */ = {isa = PBXBuildFile; fileRef = 5BF086561F7ACC2D0026444B /* AppDelegate.swift */; };
		5BF086591F7ACC2D0026444B /* ViewController.swift in Sources */ = {isa = PBXBuildFile; fileRef = 5BF086581F7ACC2D0026444B /* ViewController.swift */; };
		5BF0865C1F7ACC2D0026444B /* Main.storyboard in Resources */ = {isa = PBXBuildFile; fileRef = 5BF0865A1F7ACC2D0026444B /* Main.storyboard */; };
		5BF0865E1F7ACC2D0026444B /* Assets.xcassets in Resources */ = {isa = PBXBuildFile; fileRef = 5BF0865D1F7ACC2D0026444B /* Assets.xcassets */; };
		5BF086611F7ACC2D0026444B /* LaunchScreen.storyboard in Resources */ = {isa = PBXBuildFile; fileRef = 5BF0865F1F7ACC2D0026444B /* LaunchScreen.storyboard */; };
		5BF086691F7ACC8C0026444B /* imac.jpg in Resources */ = {isa = PBXBuildFile; fileRef = 5BF086681F7ACC870026444B /* imac.jpg */; };
		5BF0866B1F7ACD4A0026444B /* GoogLeNetPlaces.mlmodel in Sources */ = {isa = PBXBuildFile; fileRef = 5BF0866A1F7ACD470026444B /* GoogLeNetPlaces.mlmodel */; };
/* End PBXBuildFile section */

/* Begin PBXFileReference section */
		5BF086531F7ACC2D0026444B /* demoml.app */ = {isa = PBXFileReference; explicitFileType = wrapper.application; includeInIndex = 0; path = demoml.app; sourceTree = BUILT_PRODUCTS_DIR; };
		5BF086561F7ACC2D0026444B /* AppDelegate.swift */ = {isa = PBXFileReference; lastKnownFileType = sourcecode.swift; path = AppDelegate.swift; sourceTree = "<group>"; };
		5BF086581F7ACC2D0026444B /* ViewController.swift */ = {isa = PBXFileReference; lastKnownFileType = sourcecode.swift; path = ViewController.swift; sourceTree = "<group>"; };
		5BF0865B1F7ACC2D0026444B /* Base */ = {isa = PBXFileReference; lastKnownFileType = file.storyboard; name = Base; path = Base.lproj/Main.storyboard; sourceTree = "<group>"; };
		5BF0865D1F7ACC2D0026444B /* Assets.xcassets */ = {isa = PBXFileReference; lastKnownFileType = folder.assetcatalog; path = Assets.xcassets; sourceTree = "<group>"; };
		5BF086601F7ACC2D0026444B /* Base */ = {isa = PBXFileReference; lastKnownFileType = file.storyboard; name = Base; path = Base.lproj/LaunchScreen.storyboard; sourceTree = "<group>"; };
		5BF086621F7ACC2D0026444B /* Info.plist */ = {isa = PBXFileReference; lastKnownFileType = text.plist.xml; path = Info.plist; sourceTree = "<group>"; };
		5BF086681F7ACC870026444B /* imac.jpg */ = {isa = PBXFileReference; lastKnownFileType = image.jpeg; path = imac.jpg; sourceTree = "<group>"; };
		5BF0866A1F7ACD470026444B /* GoogLeNetPlaces.mlmodel */ = {isa = PBXFileReference; lastKnownFileType = file.mlmodel; path = GoogLeNetPlaces.mlmodel; sourceTree = "<group>"; };
/* End PBXFileReference section */

/* Begin PBXFrameworksBuildPhase section */
		5BF086501F7ACC2D0026444B /* Frameworks */ = {
			isa = PBXFrameworksBuildPhase;
			buildActionMask = 2147483647;
			files = (
			);
			runOnlyForDeploymentPostprocessing = 0;
		};
/* End PBXFrameworksBuildPhase section */

/* Begin PBXGroup section */
		5BF0864A1F7ACC2D0026444B = {
			isa = PBXGroup;
			children = (
				5BF086551F7ACC2D0026444B /* demoml */,
				5BF086541F7ACC2D0026444B /* Products */,
			);
			sourceTree = "<group>";
		};
		5BF086541F7ACC2D0026444B /* Products */ = {
			isa = PBXGroup;
			children = (
				5BF086531F7ACC2D0026444B /* demoml.app */,
			);
			name = Products;
			sourceTree = "<group>";
		};
		5BF086551F7ACC2D0026444B /* demoml */ = {
			isa = PBXGroup;
			children = (
				5BF0866A1F7ACD470026444B /* GoogLeNetPlaces.mlmodel */,
				5BF086681F7ACC870026444B /* imac.jpg */,
				5BF086561F7ACC2D0026444B /* AppDelegate.swift */,
				5BF086581F7ACC2D0026444B /* ViewController.swift */,
				5BF0865A1F7ACC2D0026444B /* Main.storyboard */,
				5BF0865D1F7ACC2D0026444B /* Assets.xcassets */,
				5BF0865F1F7ACC2D0026444B /* LaunchScreen.storyboard */,
				5BF086621F7ACC2D0026444B /* Info.plist */,
			);
			path = demoml;
			sourceTree = "<group>";
		};
/* End PBXGroup section */

/* Begin PBXNativeTarget section */
		5BF086521F7ACC2D0026444B /* demoml */ = {
			isa = PBXNativeTarget;
			buildConfigurationList = 5BF086651F7ACC2D0026444B /* Build configuration list for PBXNativeTarget "demoml" */;
			buildPhases = (
				5BF0864F1F7ACC2D0026444B /* Sources */,
				5BF086501F7ACC2D0026444B /* Frameworks */,
				5BF086511F7ACC2D0026444B /* Resources */,
			);
			buildRules = (
			);
			dependencies = (
			);
			name = demoml;
			productName = demoml;
			productReference = 5BF086531F7ACC2D0026444B /* demoml.app */;
			productType = "com.apple.product-type.application";
		};
/* End PBXNativeTarget section */

/* Begin PBXProject section */
		5BF0864B1F7ACC2D0026444B /* Project object */ = {
			isa = PBXProject;
			attributes = {
				LastSwiftUpdateCheck = 0900;
				LastUpgradeCheck = 0900;
				ORGANIZATIONNAME = "prasetyo herlambang";
				TargetAttributes = {
					5BF086521F7ACC2D0026444B = {
						CreatedOnToolsVersion = 9.0;
						ProvisioningStyle = Automatic;
					};
				};
			};
			buildConfigurationList = 5BF0864E1F7ACC2D0026444B /* Build configuration list for PBXProject "demoml" */;
			compatibilityVersion = "Xcode 8.0";
			developmentRegion = en;
			hasScannedForEncodings = 0;
			knownRegions = (
				en,
				Base,
			);
			mainGroup = 5BF0864A1F7ACC2D0026444B;
			productRefGroup = 5BF086541F7ACC2D0026444B /* Products */;
			projectDirPath = "";
			projectRoot = "";
			targets = (
				5BF086521F7ACC2D0026444B /* demoml */,
			);
		};
/* End PBXProject section */

/* Begin PBXResourcesBuildPhase section */
		5BF086511F7ACC2D0026444B /* Resources */ = {
			isa = PBXResourcesBuildPhase;
			buildActionMask = 2147483647;
			files = (
				5BF086611F7ACC2D0026444B /* LaunchScreen.storyboard in Resources */,
				5BF086691F7ACC8C0026444B /* imac.jpg in Resources */,
				5BF0865E1F7ACC2D0026444B /* Assets.xcassets in Resources */,
				5BF0865C1F7ACC2D0026444B /* Main.storyboard in Resources */,
			);
			runOnlyForDeploymentPostprocessing = 0;
		};
/* End PBXResourcesBuildPhase section */

/* Begin PBXSourcesBuildPhase section */
		5BF0864F1F7ACC2D0026444B /* Sources */ = {
			isa = PBXSourcesBuildPhase;
			buildActionMask = 2147483647;
			files = (
				5BF086591F7ACC2D0026444B /* ViewController.swift in Sources */,
				5BF086571F7ACC2D0026444B /* AppDelegate.swift in Sources */,
				5BF0866B1F7ACD4A0026444B /* GoogLeNetPlaces.mlmodel in Sources */,
			);
			runOnlyForDeploymentPostprocessing = 0;
		};
/* End PBXSourcesBuildPhase section */

/* Begin PBXVariantGroup section */
		5BF0865A1F7ACC2D0026444B /* Main.storyboard */ = {
			isa = PBXVariantGroup;
			children = (
				5BF0865B1F7ACC2D0026444B /* Base */,
			);
			name = Main.storyboard;
			sourceTree = "<group>";
		};
		5BF0865F1F7ACC2D0026444B /* LaunchScreen.storyboard */ = {
			isa = PBXVariantGroup;
			children = (
				5BF086601F7ACC2D0026444B /* Base */,
			);
			name = LaunchScreen.storyboard;
			sourceTree = "<group>";
		};
/* End PBXVariantGroup section */

/* Begin XCBuildConfiguration section */
		5BF086631F7ACC2D0026444B /* Debug */ = {
			isa = XCBuildConfiguration;
			buildSettings = {
				ALWAYS_SEARCH_USER_PATHS = NO;
				CLANG_ANALYZER_NONNULL = YES;
				CLANG_ANALYZER_NUMBER_OBJECT_CONVERSION = YES_AGGRESSIVE;
				CLANG_CXX_LANGUAGE_STANDARD = "gnu++14";
				CLANG_CXX_LIBRARY = "libc++";
				CLANG_ENABLE_MODULES = YES;
				CLANG_ENABLE_OBJC_ARC = YES;
				CLANG_WARN_BLOCK_CAPTURE_AUTORELEASING = YES;
				CLANG_WARN_BOOL_CONVERSION = YES;
				CLANG_WARN_COMMA = YES;
				CLANG_WARN_CONSTANT_CONVERSION = YES;
				CLANG_WARN_DIRECT_OBJC_ISA_USAGE = YES_ERROR;
				CLANG_WARN_DOCUMENTATION_COMMENTS = YES;
				CLANG_WARN_EMPTY_BODY = YES;
				CLANG_WARN_ENUM_CONVERSION = YES;
				CLANG_WARN_INFINITE_RECURSION = YES;
				CLANG_WARN_INT_CONVERSION = YES;
				CLANG_WARN_NON_LITERAL_NULL_CONVERSION = YES;
				CLANG_WARN_OBJC_LITERAL_CONVERSION = YES;
				CLANG_WARN_OBJC_ROOT_CLASS = YES_ERROR;
				CLANG_WARN_RANGE_LOOP_ANALYSIS = YES;
				CLANG_WARN_STRICT_PROTOTYPES = YES;
				CLANG_WARN_SUSPICIOUS_MOVE = YES;
				CLANG_WARN_UNGUARDED_AVAILABILITY = YES_AGGRESSIVE;
				CLANG_WARN_UNREACHABLE_CODE = YES;
				CLANG_WARN__DUPLICATE_METHOD_MATCH = YES;
				CODE_SIGN_IDENTITY = "iPhone Developer";
				COPY_PHASE_STRIP = NO;
				DEBUG_INFORMATION_FORMAT = dwarf;
				ENABLE_STRICT_OBJC_MSGSEND = YES;
				ENABLE_TESTABILITY = YES;
				GCC_C_LANGUAGE_STANDARD = gnu11;
				GCC_DYNAMIC_NO_PIC = NO;
				GCC_NO_COMMON_BLOCKS = YES;
				GCC_OPTIMIZATION_LEVEL = 0;
				GCC_PREPROCESSOR_DEFINITIONS = (
					"DEBUG=1",
					"$(inherited)",
				);
				GCC_WARN_64_TO_32_BIT_CONVERSION = YES;
				GCC_WARN_ABOUT_RETURN_TYPE = YES_ERROR;
				GCC_WARN_UNDECLARED_SELECTOR = YES;
				GCC_WARN_UNINITIALIZED_AUTOS = YES_AGGRESSIVE;
				GCC_WARN_UNUSED_FUNCTION = YES;
				GCC_WARN_UNUSED_VARIABLE = YES;
				IPHONEOS_DEPLOYMENT_TARGET = 11.0;
				MTL_ENABLE_DEBUG_INFO = YES;
				ONLY_ACTIVE_ARCH = YES;
				SDKROOT = iphoneos;
				SWIFT_ACTIVE_COMPILATION_CONDITIONS = DEBUG;
				SWIFT_OPTIMIZATION_LEVEL = "-Onone";
			};
			name = Debug;
		};
		5BF086641F7ACC2D0026444B /* Release */ = {
			isa = XCBuildConfiguration;
			buildSettings = {
				ALWAYS_SEARCH_USER_PATHS = NO;
				CLANG_ANALYZER_NONNULL = YES;
				CLANG_ANALYZER_NUMBER_OBJECT_CONVERSION = YES_AGGRESSIVE;
				CLANG_CXX_LANGUAGE_STANDARD = "gnu++14";
				CLANG_CXX_LIBRARY = "libc++";
				CLANG_ENABLE_MODULES = YES;
				CLANG_ENABLE_OBJC_ARC = YES;
				CLANG_WARN_BLOCK_CAPTURE_AUTORELEASING = YES;
				CLANG_WARN_BOOL_CONVERSION = YES;
				CLANG_WARN_COMMA = YES;
				CLANG_WARN_CONSTANT_CONVERSION = YES;
				CLANG_WARN_DIRECT_OBJC_ISA_USAGE = YES_ERROR;
				CLANG_WARN_DOCUMENTATION_COMMENTS = YES;
				CLANG_WARN_EMPTY_BODY = YES;
				CLANG_WARN_ENUM_CONVERSION = YES;
				CLANG_WARN_INFINITE_RECURSION = YES;
				CLANG_WARN_INT_CONVERSION = YES;
				CLANG_WARN_NON_LITERAL_NULL_CONVERSION = YES;
				CLANG_WARN_OBJC_LITERAL_CONVERSION = YES;
				CLANG_WARN_OBJC_ROOT_CLASS = YES_ERROR;
				CLANG_WARN_RANGE_LOOP_ANALYSIS = YES;
				CLANG_WARN_STRICT_PROTOTYPES = YES;
				CLANG_WARN_SUSPICIOUS_MOVE = YES;
				CLANG_WARN_UNGUARDED_AVAILABILITY = YES_AGGRESSIVE;
				CLANG_WARN_UNREACHABLE_CODE = YES;
				CLANG_WARN__DUPLICATE_METHOD_MATCH = YES;
				CODE_SIGN_IDENTITY = "iPhone Developer";
				COPY_PHASE_STRIP = NO;
				DEBUG_INFORMATION_FORMAT = "dwarf-with-dsym";
				ENABLE_NS_ASSERTIONS = NO;
				ENABLE_STRICT_OBJC_MSGSEND = YES;
				GCC_C_LANGUAGE_STANDARD = gnu11;
				GCC_NO_COMMON_BLOCKS = YES;
				GCC_WARN_64_TO_32_BIT_CONVERSION = YES;
				GCC_WARN_ABOUT_RETURN_TYPE = YES_ERROR;
				GCC_WARN_UNDECLARED_SELECTOR = YES;
				GCC_WARN_UNINITIALIZED_AUTOS = YES_AGGRESSIVE;
				GCC_WARN_UNUSED_FUNCTION = YES;
				GCC_WARN_UNUSED_VARIABLE = YES;
				IPHONEOS_DEPLOYMENT_TARGET = 11.0;
				MTL_ENABLE_DEBUG_INFO = NO;
				SDKROOT = iphoneos;
				SWIFT_OPTIMIZATION_LEVEL = "-Owholemodule";
				VALIDATE_PRODUCT = YES;
			};
			name = Release;
		};
		5BF086661F7ACC2D0026444B /* Debug */ = {
			isa = XCBuildConfiguration;
			buildSettings = {
				ASSETCATALOG_COMPILER_APPICON_NAME = AppIcon;
				CODE_SIGN_STYLE = Automatic;
				DEVELOPMENT_TEAM = 63YL23472Z;
				INFOPLIST_FILE = demoml/Info.plist;
				LD_RUNPATH_SEARCH_PATHS = "$(inherited) @executable_path/Frameworks";
				PRODUCT_BUNDLE_IDENTIFIER = net.masbenx.demoml;
				PRODUCT_NAME = "$(TARGET_NAME)";
				SWIFT_VERSION = 4.0;
				TARGETED_DEVICE_FAMILY = "1,2";
			};
			name = Debug;
		};
		5BF086671F7ACC2D0026444B /* Release */ = {
			isa = XCBuildConfiguration;
			buildSettings = {
				ASSETCATALOG_COMPILER_APPICON_NAME = AppIcon;
				CODE_SIGN_STYLE = Automatic;
				DEVELOPMENT_TEAM = 63YL23472Z;
				INFOPLIST_FILE = demoml/Info.plist;
				LD_RUNPATH_SEARCH_PATHS = "$(inherited) @executable_path/Frameworks";
				PRODUCT_BUNDLE_IDENTIFIER = net.masbenx.demoml;
				PRODUCT_NAME = "$(TARGET_NAME)";
				SWIFT_VERSION = 4.0;
				TARGETED_DEVICE_FAMILY = "1,2";
			};
			name = Release;
		};
/* End XCBuildConfiguration section */

/* Begin XCConfigurationList section */
		5BF0864E1F7ACC2D0026444B /* Build configuration list for PBXProject "demoml" */ = {
			isa = XCConfigurationList;
			buildConfigurations = (
				5BF086631F7ACC2D0026444B /* Debug */,
				5BF086641F7ACC2D0026444B /* Release */,
			);
			defaultConfigurationIsVisible = 0;
			defaultConfigurationName = Release;
		};
		5BF086651F7ACC2D0026444B /* Build configuration list for PBXNativeTarget "demoml" */ = {
			isa = XCConfigurationList;
			buildConfigurations = (
				5BF086661F7ACC2D0026444B /* Debug */,
				5BF086671F7ACC2D0026444B /* Release */,
			);
			defaultConfigurationIsVisible = 0;
			defaultConfigurationName = Release;
		};
/* End XCConfigurationList section */
	};
	rootObject = 5BF0864B1F7ACC2D0026444B /* Project object */;
}
